// !$*UTF8*$!
{
	archiveVersion = 1;
	classes = {
	};
	objectVersion = 56;
	objects = {

/* Begin PBXBuildFile section */
		DCBA721C29713AB600A6323B /* TranslationService.swift in Sources */ = {isa = PBXBuildFile; fileRef = DCBA721B29713AB600A6323B /* TranslationService.swift */; };
		DCE4C4B0296DD28E004BB591 /* AppDelegate.swift in Sources */ = {isa = PBXBuildFile; fileRef = DCE4C4AF296DD28E004BB591 /* AppDelegate.swift */; };
		DCE4C4B2296DD28E004BB591 /* SceneDelegate.swift in Sources */ = {isa = PBXBuildFile; fileRef = DCE4C4B1296DD28E004BB591 /* SceneDelegate.swift */; };
		DCE4C4B7296DD28E004BB591 /* Main.storyboard in Resources */ = {isa = PBXBuildFile; fileRef = DCE4C4B5296DD28E004BB591 /* Main.storyboard */; };
		DCE4C4B9296DD28F004BB591 /* Assets.xcassets in Resources */ = {isa = PBXBuildFile; fileRef = DCE4C4B8296DD28F004BB591 /* Assets.xcassets */; };
		DCE4C4BC296DD290004BB591 /* LaunchScreen.storyboard in Resources */ = {isa = PBXBuildFile; fileRef = DCE4C4BA296DD290004BB591 /* LaunchScreen.storyboard */; };
		DCE4C4CE296DD7C2004BB591 /* DollarServicesTests.swift in Sources */ = {isa = PBXBuildFile; fileRef = DCE4C4CD296DD7C2004BB591 /* DollarServicesTests.swift */; };
		DCE4C4DB296DD808004BB591 /* WeatherServices.swift in Sources */ = {isa = PBXBuildFile; fileRef = DCE4C4DA296DD808004BB591 /* WeatherServices.swift */; };
		DCE4C4E2296DD894004BB591 /* DollarServices.swift in Sources */ = {isa = PBXBuildFile; fileRef = DCE4C4E1296DD894004BB591 /* DollarServices.swift */; };
		DCE4C4E4296DD8AF004BB591 /* WeatherServices.swift in Sources */ = {isa = PBXBuildFile; fileRef = DCE4C4E3296DD8AF004BB591 /* WeatherServices.swift */; };
		DCE4C4EE296DD928004BB591 /* TranslateServicesTests.swift in Sources */ = {isa = PBXBuildFile; fileRef = DCE4C4ED296DD928004BB591 /* TranslateServicesTests.swift */; };
		DCE4C4F5296DE09C004BB591 /* DollarViewController.swift in Sources */ = {isa = PBXBuildFile; fileRef = DCE4C4F4296DE09C004BB591 /* DollarViewController.swift */; };
		DCE4C4F7296DE0DB004BB591 /* WeatherViewController.swift in Sources */ = {isa = PBXBuildFile; fileRef = DCE4C4F6296DE0DB004BB591 /* WeatherViewController.swift */; };
		DCE4C4F9296DE112004BB591 /* TranslationViewController.swift in Sources */ = {isa = PBXBuildFile; fileRef = DCE4C4F8296DE112004BB591 /* TranslationViewController.swift */; };
		DCE4C4FB296E01E2004BB591 /* Dollar.swift in Sources */ = {isa = PBXBuildFile; fileRef = DCE4C4FA296E01E2004BB591 /* Dollar.swift */; };
		DCE4C4FD296E0E46004BB591 /* Weather.swift in Sources */ = {isa = PBXBuildFile; fileRef = DCE4C4FC296E0E46004BB591 /* Weather.swift */; };
		DCE4C4FF296E1B1A004BB591 /* Translation.swift in Sources */ = {isa = PBXBuildFile; fileRef = DCE4C4FE296E1B1A004BB591 /* Translation.swift */; };
/* End PBXBuildFile section */

/* Begin PBXContainerItemProxy section */
		DCE4C4CF296DD7C2004BB591 /* PBXContainerItemProxy */ = {
			isa = PBXContainerItemProxy;
			containerPortal = DCE4C4A4296DD28E004BB591 /* Project object */;
			proxyType = 1;
			remoteGlobalIDString = DCE4C4AB296DD28E004BB591;
			remoteInfo = BalunchonGemikMkg;
		};
		DCE4C4DC296DD808004BB591 /* PBXContainerItemProxy */ = {
			isa = PBXContainerItemProxy;
			containerPortal = DCE4C4A4296DD28E004BB591 /* Project object */;
			proxyType = 1;
			remoteGlobalIDString = DCE4C4AB296DD28E004BB591;
			remoteInfo = BalunchonGemikMkg;
		};
		DCE4C4EF296DD928004BB591 /* PBXContainerItemProxy */ = {
			isa = PBXContainerItemProxy;
			containerPortal = DCE4C4A4296DD28E004BB591 /* Project object */;
			proxyType = 1;
			remoteGlobalIDString = DCE4C4AB296DD28E004BB591;
			remoteInfo = BalunchonGemikMkg;
		};
/* End PBXContainerItemProxy section */

/* Begin PBXFileReference section */
		DCBA721B29713AB600A6323B /* TranslationService.swift */ = {isa = PBXFileReference; lastKnownFileType = sourcecode.swift; path = TranslationService.swift; sourceTree = "<group>"; };
		DCE4C4AC296DD28E004BB591 /* BalunchonGemikMkg.app */ = {isa = PBXFileReference; explicitFileType = wrapper.application; includeInIndex = 0; path = BalunchonGemikMkg.app; sourceTree = BUILT_PRODUCTS_DIR; };
		DCE4C4AF296DD28E004BB591 /* AppDelegate.swift */ = {isa = PBXFileReference; lastKnownFileType = sourcecode.swift; path = AppDelegate.swift; sourceTree = "<group>"; };
		DCE4C4B1296DD28E004BB591 /* SceneDelegate.swift */ = {isa = PBXFileReference; lastKnownFileType = sourcecode.swift; path = SceneDelegate.swift; sourceTree = "<group>"; };
		DCE4C4B6296DD28E004BB591 /* Base */ = {isa = PBXFileReference; lastKnownFileType = file.storyboard; name = Base; path = Base.lproj/Main.storyboard; sourceTree = "<group>"; };
		DCE4C4B8296DD28F004BB591 /* Assets.xcassets */ = {isa = PBXFileReference; lastKnownFileType = folder.assetcatalog; path = Assets.xcassets; sourceTree = "<group>"; };
		DCE4C4BB296DD290004BB591 /* Base */ = {isa = PBXFileReference; lastKnownFileType = file.storyboard; name = Base; path = Base.lproj/LaunchScreen.storyboard; sourceTree = "<group>"; };
		DCE4C4BD296DD290004BB591 /* Info.plist */ = {isa = PBXFileReference; lastKnownFileType = text.plist.xml; path = Info.plist; sourceTree = "<group>"; };
		DCE4C4CB296DD7C2004BB591 /* DollarServicesTests.xctest */ = {isa = PBXFileReference; explicitFileType = wrapper.cfbundle; includeInIndex = 0; path = DollarServicesTests.xctest; sourceTree = BUILT_PRODUCTS_DIR; };
		DCE4C4CD296DD7C2004BB591 /* DollarServicesTests.swift */ = {isa = PBXFileReference; lastKnownFileType = sourcecode.swift; path = DollarServicesTests.swift; sourceTree = "<group>"; };
		DCE4C4D8296DD808004BB591 /* WeatherServices.xctest */ = {isa = PBXFileReference; explicitFileType = wrapper.cfbundle; includeInIndex = 0; path = WeatherServices.xctest; sourceTree = BUILT_PRODUCTS_DIR; };
		DCE4C4DA296DD808004BB591 /* WeatherServices.swift */ = {isa = PBXFileReference; lastKnownFileType = sourcecode.swift; path = WeatherServices.swift; sourceTree = "<group>"; };
		DCE4C4E1296DD894004BB591 /* DollarServices.swift */ = {isa = PBXFileReference; lastKnownFileType = sourcecode.swift; path = DollarServices.swift; sourceTree = "<group>"; };
		DCE4C4E3296DD8AF004BB591 /* WeatherServices.swift */ = {isa = PBXFileReference; lastKnownFileType = sourcecode.swift; path = WeatherServices.swift; sourceTree = "<group>"; };
		DCE4C4EB296DD928004BB591 /* TranslateServicesTests.xctest */ = {isa = PBXFileReference; explicitFileType = wrapper.cfbundle; includeInIndex = 0; path = TranslateServicesTests.xctest; sourceTree = BUILT_PRODUCTS_DIR; };
		DCE4C4ED296DD928004BB591 /* TranslateServicesTests.swift */ = {isa = PBXFileReference; lastKnownFileType = sourcecode.swift; path = TranslateServicesTests.swift; sourceTree = "<group>"; };
		DCE4C4F4296DE09C004BB591 /* DollarViewController.swift */ = {isa = PBXFileReference; lastKnownFileType = sourcecode.swift; path = DollarViewController.swift; sourceTree = "<group>"; };
		DCE4C4F6296DE0DB004BB591 /* WeatherViewController.swift */ = {isa = PBXFileReference; lastKnownFileType = sourcecode.swift; path = WeatherViewController.swift; sourceTree = "<group>"; };
		DCE4C4F8296DE112004BB591 /* TranslationViewController.swift */ = {isa = PBXFileReference; lastKnownFileType = sourcecode.swift; path = TranslationViewController.swift; sourceTree = "<group>"; };
		DCE4C4FA296E01E2004BB591 /* Dollar.swift */ = {isa = PBXFileReference; lastKnownFileType = sourcecode.swift; path = Dollar.swift; sourceTree = "<group>"; };
		DCE4C4FC296E0E46004BB591 /* Weather.swift */ = {isa = PBXFileReference; lastKnownFileType = sourcecode.swift; path = Weather.swift; sourceTree = "<group>"; };
		DCE4C4FE296E1B1A004BB591 /* Translation.swift */ = {isa = PBXFileReference; lastKnownFileType = sourcecode.swift; path = Translation.swift; sourceTree = "<group>"; };
/* End PBXFileReference section */

/* Begin PBXFrameworksBuildPhase section */
		DCE4C4A9296DD28E004BB591 /* Frameworks */ = {
			isa = PBXFrameworksBuildPhase;
			buildActionMask = 2147483647;
			files = (
			);
			runOnlyForDeploymentPostprocessing = 0;
		};
		DCE4C4C8296DD7C2004BB591 /* Frameworks */ = {
			isa = PBXFrameworksBuildPhase;
			buildActionMask = 2147483647;
			files = (
			);
			runOnlyForDeploymentPostprocessing = 0;
		};
		DCE4C4D5296DD808004BB591 /* Frameworks */ = {
			isa = PBXFrameworksBuildPhase;
			buildActionMask = 2147483647;
			files = (
			);
			runOnlyForDeploymentPostprocessing = 0;
		};
		DCE4C4E8296DD928004BB591 /* Frameworks */ = {
			isa = PBXFrameworksBuildPhase;
			buildActionMask = 2147483647;
			files = (
			);
			runOnlyForDeploymentPostprocessing = 0;
		};
/* End PBXFrameworksBuildPhase section */

/* Begin PBXGroup section */
		DCBA721D2971B63C00A6323B /* Dollar */ = {
			isa = PBXGroup;
			children = (
				DCBA721E2971B67500A6323B /* Model */,
				DCBA72202971B69600A6323B /* Controller */,
			);
			path = Dollar;
			sourceTree = "<group>";
		};
		DCBA721E2971B67500A6323B /* Model */ = {
			isa = PBXGroup;
			children = (
				DCE4C4FA296E01E2004BB591 /* Dollar.swift */,
			);
			path = Model;
			sourceTree = "<group>";
		};
		DCBA72202971B69600A6323B /* Controller */ = {
			isa = PBXGroup;
			children = (
				DCE4C4F4296DE09C004BB591 /* DollarViewController.swift */,
			);
			path = Controller;
			sourceTree = "<group>";
		};
		DCBA72212971B6D800A6323B /* Weather */ = {
			isa = PBXGroup;
			children = (
				DCBA72222971B70600A6323B /* Model */,
				DCBA72232971B71100A6323B /* Controller */,
			);
			path = Weather;
			sourceTree = "<group>";
		};
		DCBA72222971B70600A6323B /* Model */ = {
			isa = PBXGroup;
			children = (
				DCE4C4FC296E0E46004BB591 /* Weather.swift */,
			);
			path = Model;
			sourceTree = "<group>";
		};
		DCBA72232971B71100A6323B /* Controller */ = {
			isa = PBXGroup;
			children = (
				DCE4C4F6296DE0DB004BB591 /* WeatherViewController.swift */,
			);
			path = Controller;
			sourceTree = "<group>";
		};
		DCBA72242971B75300A6323B /* Translation */ = {
			isa = PBXGroup;
			children = (
				DCE4C4C4296DD3AE004BB591 /* Model */,
				DCE4C4C5296DD3EC004BB591 /* Controller */,
			);
			path = Translation;
			sourceTree = "<group>";
		};
		DCBA72252971C0C700A6323B /* Services */ = {
			isa = PBXGroup;
			children = (
				DCBA721B29713AB600A6323B /* TranslationService.swift */,
				DCE4C4E3296DD8AF004BB591 /* WeatherServices.swift */,
				DCE4C4E1296DD894004BB591 /* DollarServices.swift */,
			);
			path = Services;
			sourceTree = "<group>";
		};
		DCE4C4A3296DD28E004BB591 = {
			isa = PBXGroup;
			children = (
				DCE4C4AE296DD28E004BB591 /* BalunchonGemikMkg */,
				DCE4C4CC296DD7C2004BB591 /* DollarServicesTests */,
				DCE4C4D9296DD808004BB591 /* WeatherServices */,
				DCE4C4EC296DD928004BB591 /* TranslateServicesTests */,
				DCE4C4AD296DD28E004BB591 /* Products */,
			);
			sourceTree = "<group>";
		};
		DCE4C4AD296DD28E004BB591 /* Products */ = {
			isa = PBXGroup;
			children = (
				DCE4C4AC296DD28E004BB591 /* BalunchonGemikMkg.app */,
				DCE4C4CB296DD7C2004BB591 /* DollarServicesTests.xctest */,
				DCE4C4D8296DD808004BB591 /* WeatherServices.xctest */,
				DCE4C4EB296DD928004BB591 /* TranslateServicesTests.xctest */,
			);
			name = Products;
			sourceTree = "<group>";
		};
		DCE4C4AE296DD28E004BB591 /* BalunchonGemikMkg */ = {
			isa = PBXGroup;
			children = (
				DCE4C4AF296DD28E004BB591 /* AppDelegate.swift */,
				DCE4C4B1296DD28E004BB591 /* SceneDelegate.swift */,
				DCE4C4BD296DD290004BB591 /* Info.plist */,
				DCE4C4C3296DD321004BB591 /* Supporting File */,
				DCBA721D2971B63C00A6323B /* Dollar */,
				DCBA72212971B6D800A6323B /* Weather */,
				DCBA72242971B75300A6323B /* Translation */,
				DCE4C4C6296DD420004BB591 /* View */,
				DCBA72252971C0C700A6323B /* Services */,
			);
			path = BalunchonGemikMkg;
			sourceTree = "<group>";
		};
		DCE4C4C3296DD321004BB591 /* Supporting File */ = {
			isa = PBXGroup;
			children = (
			);
			path = "Supporting File";
			sourceTree = "<group>";
		};
		DCE4C4C4296DD3AE004BB591 /* Model */ = {
			isa = PBXGroup;
			children = (
				DCE4C4FE296E1B1A004BB591 /* Translation.swift */,
			);
			path = Model;
			sourceTree = "<group>";
		};
		DCE4C4C5296DD3EC004BB591 /* Controller */ = {
			isa = PBXGroup;
			children = (
				DCE4C4F8296DE112004BB591 /* TranslationViewController.swift */,
			);
			path = Controller;
			sourceTree = "<group>";
		};
		DCE4C4C6296DD420004BB591 /* View */ = {
			isa = PBXGroup;
			children = (
				DCE4C4B5296DD28E004BB591 /* Main.storyboard */,
				DCE4C4BA296DD290004BB591 /* LaunchScreen.storyboard */,
				DCE4C4B8296DD28F004BB591 /* Assets.xcassets */,
			);
			path = View;
			sourceTree = "<group>";
		};
		DCE4C4CC296DD7C2004BB591 /* DollarServicesTests */ = {
			isa = PBXGroup;
			children = (
				DCE4C4CD296DD7C2004BB591 /* DollarServicesTests.swift */,
			);
			path = DollarServicesTests;
			sourceTree = "<group>";
		};
		DCE4C4D9296DD808004BB591 /* WeatherServices */ = {
			isa = PBXGroup;
			children = (
				DCE4C4DA296DD808004BB591 /* WeatherServices.swift */,
			);
			path = WeatherServices;
			sourceTree = "<group>";
		};
		DCE4C4EC296DD928004BB591 /* TranslateServicesTests */ = {
			isa = PBXGroup;
			children = (
				DCE4C4ED296DD928004BB591 /* TranslateServicesTests.swift */,
			);
			path = TranslateServicesTests;
			sourceTree = "<group>";
		};
/* End PBXGroup section */

/* Begin PBXNativeTarget section */
		DCE4C4AB296DD28E004BB591 /* BalunchonGemikMkg */ = {
			isa = PBXNativeTarget;
			buildConfigurationList = DCE4C4C0296DD290004BB591 /* Build configuration list for PBXNativeTarget "BalunchonGemikMkg" */;
			buildPhases = (
				DCE4C4A8296DD28E004BB591 /* Sources */,
				DCE4C4A9296DD28E004BB591 /* Frameworks */,
				DCE4C4AA296DD28E004BB591 /* Resources */,
			);
			buildRules = (
			);
			dependencies = (
			);
			name = BalunchonGemikMkg;
			productName = BalunchonGemikMkg;
			productReference = DCE4C4AC296DD28E004BB591 /* BalunchonGemikMkg.app */;
			productType = "com.apple.product-type.application";
		};
		DCE4C4CA296DD7C2004BB591 /* DollarServicesTests */ = {
			isa = PBXNativeTarget;
			buildConfigurationList = DCE4C4D1296DD7C2004BB591 /* Build configuration list for PBXNativeTarget "DollarServicesTests" */;
			buildPhases = (
				DCE4C4C7296DD7C2004BB591 /* Sources */,
				DCE4C4C8296DD7C2004BB591 /* Frameworks */,
				DCE4C4C9296DD7C2004BB591 /* Resources */,
			);
			buildRules = (
			);
			dependencies = (
				DCE4C4D0296DD7C2004BB591 /* PBXTargetDependency */,
			);
			name = DollarServicesTests;
			productName = DollarServicesTests;
			productReference = DCE4C4CB296DD7C2004BB591 /* DollarServicesTests.xctest */;
			productType = "com.apple.product-type.bundle.unit-test";
		};
		DCE4C4D7296DD808004BB591 /* WeatherServices */ = {
			isa = PBXNativeTarget;
			buildConfigurationList = DCE4C4DE296DD808004BB591 /* Build configuration list for PBXNativeTarget "WeatherServices" */;
			buildPhases = (
				DCE4C4D4296DD808004BB591 /* Sources */,
				DCE4C4D5296DD808004BB591 /* Frameworks */,
				DCE4C4D6296DD808004BB591 /* Resources */,
			);
			buildRules = (
			);
			dependencies = (
				DCE4C4DD296DD808004BB591 /* PBXTargetDependency */,
			);
			name = WeatherServices;
			productName = WeatherServices;
			productReference = DCE4C4D8296DD808004BB591 /* WeatherServices.xctest */;
			productType = "com.apple.product-type.bundle.unit-test";
		};
		DCE4C4EA296DD928004BB591 /* TranslateServicesTests */ = {
			isa = PBXNativeTarget;
			buildConfigurationList = DCE4C4F1296DD928004BB591 /* Build configuration list for PBXNativeTarget "TranslateServicesTests" */;
			buildPhases = (
				DCE4C4E7296DD928004BB591 /* Sources */,
				DCE4C4E8296DD928004BB591 /* Frameworks */,
				DCE4C4E9296DD928004BB591 /* Resources */,
			);
			buildRules = (
			);
			dependencies = (
				DCE4C4F0296DD928004BB591 /* PBXTargetDependency */,
			);
			name = TranslateServicesTests;
			productName = TranslateServicesTests;
			productReference = DCE4C4EB296DD928004BB591 /* TranslateServicesTests.xctest */;
			productType = "com.apple.product-type.bundle.unit-test";
		};
/* End PBXNativeTarget section */

/* Begin PBXProject section */
		DCE4C4A4296DD28E004BB591 /* Project object */ = {
			isa = PBXProject;
			attributes = {
				BuildIndependentTargetsInParallel = 1;
				LastSwiftUpdateCheck = 1400;
				LastUpgradeCheck = 1400;
				TargetAttributes = {
					DCE4C4AB296DD28E004BB591 = {
						CreatedOnToolsVersion = 14.0.1;
					};
					DCE4C4CA296DD7C2004BB591 = {
						CreatedOnToolsVersion = 14.0.1;
						TestTargetID = DCE4C4AB296DD28E004BB591;
					};
					DCE4C4D7296DD808004BB591 = {
						CreatedOnToolsVersion = 14.0.1;
						TestTargetID = DCE4C4AB296DD28E004BB591;
					};
					DCE4C4EA296DD928004BB591 = {
						CreatedOnToolsVersion = 14.0.1;
						TestTargetID = DCE4C4AB296DD28E004BB591;
					};
				};
			};
			buildConfigurationList = DCE4C4A7296DD28E004BB591 /* Build configuration list for PBXProject "BalunchonGemikMkg" */;
			compatibilityVersion = "Xcode 14.0";
			developmentRegion = en;
			hasScannedForEncodings = 0;
			knownRegions = (
				en,
				Base,
			);
			mainGroup = DCE4C4A3296DD28E004BB591;
			productRefGroup = DCE4C4AD296DD28E004BB591 /* Products */;
			projectDirPath = "";
			projectRoot = "";
			targets = (
				DCE4C4AB296DD28E004BB591 /* BalunchonGemikMkg */,
				DCE4C4CA296DD7C2004BB591 /* DollarServicesTests */,
				DCE4C4D7296DD808004BB591 /* WeatherServices */,
				DCE4C4EA296DD928004BB591 /* TranslateServicesTests */,
			);
		};
/* End PBXProject section */

/* Begin PBXResourcesBuildPhase section */
		DCE4C4AA296DD28E004BB591 /* Resources */ = {
			isa = PBXResourcesBuildPhase;
			buildActionMask = 2147483647;
			files = (
				DCE4C4BC296DD290004BB591 /* LaunchScreen.storyboard in Resources */,
				DCE4C4B9296DD28F004BB591 /* Assets.xcassets in Resources */,
				DCE4C4B7296DD28E004BB591 /* Main.storyboard in Resources */,
			);
			runOnlyForDeploymentPostprocessing = 0;
		};
		DCE4C4C9296DD7C2004BB591 /* Resources */ = {
			isa = PBXResourcesBuildPhase;
			buildActionMask = 2147483647;
			files = (
			);
			runOnlyForDeploymentPostprocessing = 0;
		};
		DCE4C4D6296DD808004BB591 /* Resources */ = {
			isa = PBXResourcesBuildPhase;
			buildActionMask = 2147483647;
			files = (
			);
			runOnlyForDeploymentPostprocessing = 0;
		};
		DCE4C4E9296DD928004BB591 /* Resources */ = {
			isa = PBXResourcesBuildPhase;
			buildActionMask = 2147483647;
			files = (
			);
			runOnlyForDeploymentPostprocessing = 0;
		};
/* End PBXResourcesBuildPhase section */

/* Begin PBXSourcesBuildPhase section */
		DCE4C4A8296DD28E004BB591 /* Sources */ = {
			isa = PBXSourcesBuildPhase;
			buildActionMask = 2147483647;
			files = (
				DCBA721C29713AB600A6323B /* TranslationService.swift in Sources */,
				DCE4C4F9296DE112004BB591 /* TranslationViewController.swift in Sources */,
				DCE4C4FB296E01E2004BB591 /* Dollar.swift in Sources */,
				DCE4C4FF296E1B1A004BB591 /* Translation.swift in Sources */,
				DCE4C4E4296DD8AF004BB591 /* WeatherServices.swift in Sources */,
				DCE4C4FD296E0E46004BB591 /* Weather.swift in Sources */,
				DCE4C4F5296DE09C004BB591 /* DollarViewController.swift in Sources */,
				DCE4C4E2296DD894004BB591 /* DollarServices.swift in Sources */,
				DCE4C4F7296DE0DB004BB591 /* WeatherViewController.swift in Sources */,
				DCE4C4B0296DD28E004BB591 /* AppDelegate.swift in Sources */,
				DCE4C4B2296DD28E004BB591 /* SceneDelegate.swift in Sources */,
			);
			runOnlyForDeploymentPostprocessing = 0;
		};
		DCE4C4C7296DD7C2004BB591 /* Sources */ = {
			isa = PBXSourcesBuildPhase;
			buildActionMask = 2147483647;
			files = (
				DCE4C4CE296DD7C2004BB591 /* DollarServicesTests.swift in Sources */,
			);
			runOnlyForDeploymentPostprocessing = 0;
		};
		DCE4C4D4296DD808004BB591 /* Sources */ = {
			isa = PBXSourcesBuildPhase;
			buildActionMask = 2147483647;
			files = (
				DCE4C4DB296DD808004BB591 /* WeatherServices.swift in Sources */,
			);
			runOnlyForDeploymentPostprocessing = 0;
		};
		DCE4C4E7296DD928004BB591 /* Sources */ = {
			isa = PBXSourcesBuildPhase;
			buildActionMask = 2147483647;
			files = (
				DCE4C4EE296DD928004BB591 /* TranslateServicesTests.swift in Sources */,
			);
			runOnlyForDeploymentPostprocessing = 0;
		};
/* End PBXSourcesBuildPhase section */

/* Begin PBXTargetDependency section */
		DCE4C4D0296DD7C2004BB591 /* PBXTargetDependency */ = {
			isa = PBXTargetDependency;
			target = DCE4C4AB296DD28E004BB591 /* BalunchonGemikMkg */;
			targetProxy = DCE4C4CF296DD7C2004BB591 /* PBXContainerItemProxy */;
		};
		DCE4C4DD296DD808004BB591 /* PBXTargetDependency */ = {
			isa = PBXTargetDependency;
			target = DCE4C4AB296DD28E004BB591 /* BalunchonGemikMkg */;
			targetProxy = DCE4C4DC296DD808004BB591 /* PBXContainerItemProxy */;
		};
		DCE4C4F0296DD928004BB591 /* PBXTargetDependency */ = {
			isa = PBXTargetDependency;
			target = DCE4C4AB296DD28E004BB591 /* BalunchonGemikMkg */;
			targetProxy = DCE4C4EF296DD928004BB591 /* PBXContainerItemProxy */;
		};
/* End PBXTargetDependency section */

/* Begin PBXVariantGroup section */
		DCE4C4B5296DD28E004BB591 /* Main.storyboard */ = {
			isa = PBXVariantGroup;
			children = (
				DCE4C4B6296DD28E004BB591 /* Base */,
			);
			name = Main.storyboard;
			sourceTree = "<group>";
		};
		DCE4C4BA296DD290004BB591 /* LaunchScreen.storyboard */ = {
			isa = PBXVariantGroup;
			children = (
				DCE4C4BB296DD290004BB591 /* Base */,
			);
			name = LaunchScreen.storyboard;
			sourceTree = "<group>";
		};
/* End PBXVariantGroup section */

/* Begin XCBuildConfiguration section */
		DCE4C4BE296DD290004BB591 /* Debug */ = {
			isa = XCBuildConfiguration;
			buildSettings = {
				ALWAYS_SEARCH_USER_PATHS = NO;
				CLANG_ANALYZER_NONNULL = YES;
				CLANG_ANALYZER_NUMBER_OBJECT_CONVERSION = YES_AGGRESSIVE;
				CLANG_CXX_LANGUAGE_STANDARD = "gnu++20";
				CLANG_ENABLE_MODULES = YES;
				CLANG_ENABLE_OBJC_ARC = YES;
				CLANG_ENABLE_OBJC_WEAK = YES;
				CLANG_WARN_BLOCK_CAPTURE_AUTORELEASING = YES;
				CLANG_WARN_BOOL_CONVERSION = YES;
				CLANG_WARN_COMMA = YES;
				CLANG_WARN_CONSTANT_CONVERSION = YES;
				CLANG_WARN_DEPRECATED_OBJC_IMPLEMENTATIONS = YES;
				CLANG_WARN_DIRECT_OBJC_ISA_USAGE = YES_ERROR;
				CLANG_WARN_DOCUMENTATION_COMMENTS = YES;
				CLANG_WARN_EMPTY_BODY = YES;
				CLANG_WARN_ENUM_CONVERSION = YES;
				CLANG_WARN_INFINITE_RECURSION = YES;
				CLANG_WARN_INT_CONVERSION = YES;
				CLANG_WARN_NON_LITERAL_NULL_CONVERSION = YES;
				CLANG_WARN_OBJC_IMPLICIT_RETAIN_SELF = YES;
				CLANG_WARN_OBJC_LITERAL_CONVERSION = YES;
				CLANG_WARN_OBJC_ROOT_CLASS = YES_ERROR;
				CLANG_WARN_QUOTED_INCLUDE_IN_FRAMEWORK_HEADER = YES;
				CLANG_WARN_RANGE_LOOP_ANALYSIS = YES;
				CLANG_WARN_STRICT_PROTOTYPES = YES;
				CLANG_WARN_SUSPICIOUS_MOVE = YES;
				CLANG_WARN_UNGUARDED_AVAILABILITY = YES_AGGRESSIVE;
				CLANG_WARN_UNREACHABLE_CODE = YES;
				CLANG_WARN__DUPLICATE_METHOD_MATCH = YES;
				COPY_PHASE_STRIP = NO;
				DEBUG_INFORMATION_FORMAT = dwarf;
				ENABLE_STRICT_OBJC_MSGSEND = YES;
				ENABLE_TESTABILITY = YES;
				GCC_C_LANGUAGE_STANDARD = gnu11;
				GCC_DYNAMIC_NO_PIC = NO;
				GCC_NO_COMMON_BLOCKS = YES;
				GCC_OPTIMIZATION_LEVEL = 0;
				GCC_PREPROCESSOR_DEFINITIONS = (
					"DEBUG=1",
					"$(inherited)",
				);
				GCC_WARN_64_TO_32_BIT_CONVERSION = YES;
				GCC_WARN_ABOUT_RETURN_TYPE = YES_ERROR;
				GCC_WARN_UNDECLARED_SELECTOR = YES;
				GCC_WARN_UNINITIALIZED_AUTOS = YES_AGGRESSIVE;
				GCC_WARN_UNUSED_FUNCTION = YES;
				GCC_WARN_UNUSED_VARIABLE = YES;
				IPHONEOS_DEPLOYMENT_TARGET = 16.0;
				MTL_ENABLE_DEBUG_INFO = INCLUDE_SOURCE;
				MTL_FAST_MATH = YES;
				ONLY_ACTIVE_ARCH = YES;
				SDKROOT = iphoneos;
				SWIFT_ACTIVE_COMPILATION_CONDITIONS = DEBUG;
				SWIFT_OPTIMIZATION_LEVEL = "-Onone";
			};
			name = Debug;
		};
		DCE4C4BF296DD290004BB591 /* Release */ = {
			isa = XCBuildConfiguration;
			buildSettings = {
				ALWAYS_SEARCH_USER_PATHS = NO;
				CLANG_ANALYZER_NONNULL = YES;
				CLANG_ANALYZER_NUMBER_OBJECT_CONVERSION = YES_AGGRESSIVE;
				CLANG_CXX_LANGUAGE_STANDARD = "gnu++20";
				CLANG_ENABLE_MODULES = YES;
				CLANG_ENABLE_OBJC_ARC = YES;
				CLANG_ENABLE_OBJC_WEAK = YES;
				CLANG_WARN_BLOCK_CAPTURE_AUTORELEASING = YES;
				CLANG_WARN_BOOL_CONVERSION = YES;
				CLANG_WARN_COMMA = YES;
				CLANG_WARN_CONSTANT_CONVERSION = YES;
				CLANG_WARN_DEPRECATED_OBJC_IMPLEMENTATIONS = YES;
				CLANG_WARN_DIRECT_OBJC_ISA_USAGE = YES_ERROR;
				CLANG_WARN_DOCUMENTATION_COMMENTS = YES;
				CLANG_WARN_EMPTY_BODY = YES;
				CLANG_WARN_ENUM_CONVERSION = YES;
				CLANG_WARN_INFINITE_RECURSION = YES;
				CLANG_WARN_INT_CONVERSION = YES;
				CLANG_WARN_NON_LITERAL_NULL_CONVERSION = YES;
				CLANG_WARN_OBJC_IMPLICIT_RETAIN_SELF = YES;
				CLANG_WARN_OBJC_LITERAL_CONVERSION = YES;
				CLANG_WARN_OBJC_ROOT_CLASS = YES_ERROR;
				CLANG_WARN_QUOTED_INCLUDE_IN_FRAMEWORK_HEADER = YES;
				CLANG_WARN_RANGE_LOOP_ANALYSIS = YES;
				CLANG_WARN_STRICT_PROTOTYPES = YES;
				CLANG_WARN_SUSPICIOUS_MOVE = YES;
				CLANG_WARN_UNGUARDED_AVAILABILITY = YES_AGGRESSIVE;
				CLANG_WARN_UNREACHABLE_CODE = YES;
				CLANG_WARN__DUPLICATE_METHOD_MATCH = YES;
				COPY_PHASE_STRIP = NO;
				DEBUG_INFORMATION_FORMAT = "dwarf-with-dsym";
				ENABLE_NS_ASSERTIONS = NO;
				ENABLE_STRICT_OBJC_MSGSEND = YES;
				GCC_C_LANGUAGE_STANDARD = gnu11;
				GCC_NO_COMMON_BLOCKS = YES;
				GCC_WARN_64_TO_32_BIT_CONVERSION = YES;
				GCC_WARN_ABOUT_RETURN_TYPE = YES_ERROR;
				GCC_WARN_UNDECLARED_SELECTOR = YES;
				GCC_WARN_UNINITIALIZED_AUTOS = YES_AGGRESSIVE;
				GCC_WARN_UNUSED_FUNCTION = YES;
				GCC_WARN_UNUSED_VARIABLE = YES;
				IPHONEOS_DEPLOYMENT_TARGET = 16.0;
				MTL_ENABLE_DEBUG_INFO = NO;
				MTL_FAST_MATH = YES;
				SDKROOT = iphoneos;
				SWIFT_COMPILATION_MODE = wholemodule;
				SWIFT_OPTIMIZATION_LEVEL = "-O";
				VALIDATE_PRODUCT = YES;
			};
			name = Release;
		};
		DCE4C4C1296DD290004BB591 /* Debug */ = {
			isa = XCBuildConfiguration;
			buildSettings = {
				ASSETCATALOG_COMPILER_APPICON_NAME = AppIcon;
				ASSETCATALOG_COMPILER_GLOBAL_ACCENT_COLOR_NAME = AccentColor;
				CODE_SIGN_STYLE = Automatic;
				CURRENT_PROJECT_VERSION = 1;
				GENERATE_INFOPLIST_FILE = YES;
				INFOPLIST_FILE = BalunchonGemikMkg/Info.plist;
				INFOPLIST_KEY_UIApplicationSupportsIndirectInputEvents = YES;
				INFOPLIST_KEY_UILaunchStoryboardName = LaunchScreen;
				INFOPLIST_KEY_UIMainStoryboardFile = Main;
				INFOPLIST_KEY_UISupportedInterfaceOrientations_iPad = "UIInterfaceOrientationPortrait UIInterfaceOrientationPortraitUpsideDown UIInterfaceOrientationLandscapeLeft UIInterfaceOrientationLandscapeRight";
				INFOPLIST_KEY_UISupportedInterfaceOrientations_iPhone = "UIInterfaceOrientationPortrait UIInterfaceOrientationLandscapeLeft UIInterfaceOrientationLandscapeRight";
				LD_RUNPATH_SEARCH_PATHS = (
					"$(inherited)",
					"@executable_path/Frameworks",
				);
				MARKETING_VERSION = 1.0;
				PRODUCT_BUNDLE_IDENTIFIER = OpenClassrooms.BalunchonGemikMkg;
				PRODUCT_NAME = "$(TARGET_NAME)";
				SWIFT_EMIT_LOC_STRINGS = YES;
				SWIFT_VERSION = 5.0;
				TARGETED_DEVICE_FAMILY = "1,2";
			};
			name = Debug;
		};
		DCE4C4C2296DD290004BB591 /* Release */ = {
			isa = XCBuildConfiguration;
			buildSettings = {
				ASSETCATALOG_COMPILER_APPICON_NAME = AppIcon;
				ASSETCATALOG_COMPILER_GLOBAL_ACCENT_COLOR_NAME = AccentColor;
				CODE_SIGN_STYLE = Automatic;
				CURRENT_PROJECT_VERSION = 1;
				GENERATE_INFOPLIST_FILE = YES;
				INFOPLIST_FILE = BalunchonGemikMkg/Info.plist;
				INFOPLIST_KEY_UIApplicationSupportsIndirectInputEvents = YES;
				INFOPLIST_KEY_UILaunchStoryboardName = LaunchScreen;
				INFOPLIST_KEY_UIMainStoryboardFile = Main;
				INFOPLIST_KEY_UISupportedInterfaceOrientations_iPad = "UIInterfaceOrientationPortrait UIInterfaceOrientationPortraitUpsideDown UIInterfaceOrientationLandscapeLeft UIInterfaceOrientationLandscapeRight";
				INFOPLIST_KEY_UISupportedInterfaceOrientations_iPhone = "UIInterfaceOrientationPortrait UIInterfaceOrientationLandscapeLeft UIInterfaceOrientationLandscapeRight";
				LD_RUNPATH_SEARCH_PATHS = (
					"$(inherited)",
					"@executable_path/Frameworks",
				);
				MARKETING_VERSION = 1.0;
				PRODUCT_BUNDLE_IDENTIFIER = OpenClassrooms.BalunchonGemikMkg;
				PRODUCT_NAME = "$(TARGET_NAME)";
				SWIFT_EMIT_LOC_STRINGS = YES;
				SWIFT_VERSION = 5.0;
				TARGETED_DEVICE_FAMILY = "1,2";
			};
			name = Release;
		};
		DCE4C4D2296DD7C2004BB591 /* Debug */ = {
			isa = XCBuildConfiguration;
			buildSettings = {
				BUNDLE_LOADER = "$(TEST_HOST)";
				CODE_SIGN_STYLE = Automatic;
				CURRENT_PROJECT_VERSION = 1;
				GENERATE_INFOPLIST_FILE = YES;
				MARKETING_VERSION = 1.0;
				PRODUCT_BUNDLE_IDENTIFIER = OpenClassrooms.DollarServicesTests;
				PRODUCT_NAME = "$(TARGET_NAME)";
				SWIFT_EMIT_LOC_STRINGS = NO;
				SWIFT_VERSION = 5.0;
				TARGETED_DEVICE_FAMILY = "1,2";
				TEST_HOST = "$(BUILT_PRODUCTS_DIR)/BalunchonGemikMkg.app/$(BUNDLE_EXECUTABLE_FOLDER_PATH)/BalunchonGemikMkg";
			};
			name = Debug;
		};
		DCE4C4D3296DD7C2004BB591 /* Release */ = {
			isa = XCBuildConfiguration;
			buildSettings = {
				BUNDLE_LOADER = "$(TEST_HOST)";
				CODE_SIGN_STYLE = Automatic;
				CURRENT_PROJECT_VERSION = 1;
				GENERATE_INFOPLIST_FILE = YES;
				MARKETING_VERSION = 1.0;
				PRODUCT_BUNDLE_IDENTIFIER = OpenClassrooms.DollarServicesTests;
				PRODUCT_NAME = "$(TARGET_NAME)";
				SWIFT_EMIT_LOC_STRINGS = NO;
				SWIFT_VERSION = 5.0;
				TARGETED_DEVICE_FAMILY = "1,2";
				TEST_HOST = "$(BUILT_PRODUCTS_DIR)/BalunchonGemikMkg.app/$(BUNDLE_EXECUTABLE_FOLDER_PATH)/BalunchonGemikMkg";
			};
			name = Release;
		};
		DCE4C4DF296DD808004BB591 /* Debug */ = {
			isa = XCBuildConfiguration;
			buildSettings = {
				BUNDLE_LOADER = "$(TEST_HOST)";
				CODE_SIGN_STYLE = Automatic;
				CURRENT_PROJECT_VERSION = 1;
				GENERATE_INFOPLIST_FILE = YES;
				MARKETING_VERSION = 1.0;
				PRODUCT_BUNDLE_IDENTIFIER = OpenClassrooms.WeatherServices;
				PRODUCT_NAME = "$(TARGET_NAME)";
				SWIFT_EMIT_LOC_STRINGS = NO;
				SWIFT_VERSION = 5.0;
				TARGETED_DEVICE_FAMILY = "1,2";
				TEST_HOST = "$(BUILT_PRODUCTS_DIR)/BalunchonGemikMkg.app/$(BUNDLE_EXECUTABLE_FOLDER_PATH)/BalunchonGemikMkg";
			};
			name = Debug;
		};
		DCE4C4E0296DD808004BB591 /* Release */ = {
			isa = XCBuildConfiguration;
			buildSettings = {
				BUNDLE_LOADER = "$(TEST_HOST)";
				CODE_SIGN_STYLE = Automatic;
				CURRENT_PROJECT_VERSION = 1;
				GENERATE_INFOPLIST_FILE = YES;
				MARKETING_VERSION = 1.0;
				PRODUCT_BUNDLE_IDENTIFIER = OpenClassrooms.WeatherServices;
				PRODUCT_NAME = "$(TARGET_NAME)";
				SWIFT_EMIT_LOC_STRINGS = NO;
				SWIFT_VERSION = 5.0;
				TARGETED_DEVICE_FAMILY = "1,2";
				TEST_HOST = "$(BUILT_PRODUCTS_DIR)/BalunchonGemikMkg.app/$(BUNDLE_EXECUTABLE_FOLDER_PATH)/BalunchonGemikMkg";
			};
			name = Release;
		};
		DCE4C4F2296DD928004BB591 /* Debug */ = {
			isa = XCBuildConfiguration;
			buildSettings = {
				BUNDLE_LOADER = "$(TEST_HOST)";
				CODE_SIGN_STYLE = Automatic;
				CURRENT_PROJECT_VERSION = 1;
				GENERATE_INFOPLIST_FILE = YES;
				MARKETING_VERSION = 1.0;
				PRODUCT_BUNDLE_IDENTIFIER = OpenClassrooms.TranslateServicesTests;
				PRODUCT_NAME = "$(TARGET_NAME)";
				SWIFT_EMIT_LOC_STRINGS = NO;
				SWIFT_VERSION = 5.0;
				TARGETED_DEVICE_FAMILY = "1,2";
				TEST_HOST = "$(BUILT_PRODUCTS_DIR)/BalunchonGemikMkg.app/$(BUNDLE_EXECUTABLE_FOLDER_PATH)/BalunchonGemikMkg";
			};
			name = Debug;
		};
		DCE4C4F3296DD928004BB591 /* Release */ = {
			isa = XCBuildConfiguration;
			buildSettings = {
				BUNDLE_LOADER = "$(TEST_HOST)";
				CODE_SIGN_STYLE = Automatic;
				CURRENT_PROJECT_VERSION = 1;
				GENERATE_INFOPLIST_FILE = YES;
				MARKETING_VERSION = 1.0;
				PRODUCT_BUNDLE_IDENTIFIER = OpenClassrooms.TranslateServicesTests;
				PRODUCT_NAME = "$(TARGET_NAME)";
				SWIFT_EMIT_LOC_STRINGS = NO;
				SWIFT_VERSION = 5.0;
				TARGETED_DEVICE_FAMILY = "1,2";
				TEST_HOST = "$(BUILT_PRODUCTS_DIR)/BalunchonGemikMkg.app/$(BUNDLE_EXECUTABLE_FOLDER_PATH)/BalunchonGemikMkg";
			};
			name = Release;
		};
/* End XCBuildConfiguration section */

/* Begin XCConfigurationList section */
		DCE4C4A7296DD28E004BB591 /* Build configuration list for PBXProject "BalunchonGemikMkg" */ = {
			isa = XCConfigurationList;
			buildConfigurations = (
				DCE4C4BE296DD290004BB591 /* Debug */,
				DCE4C4BF296DD290004BB591 /* Release */,
			);
			defaultConfigurationIsVisible = 0;
			defaultConfigurationName = Release;
		};
		DCE4C4C0296DD290004BB591 /* Build configuration list for PBXNativeTarget "BalunchonGemikMkg" */ = {
			isa = XCConfigurationList;
			buildConfigurations = (
				DCE4C4C1296DD290004BB591 /* Debug */,
				DCE4C4C2296DD290004BB591 /* Release */,
			);
			defaultConfigurationIsVisible = 0;
			defaultConfigurationName = Release;
		};
		DCE4C4D1296DD7C2004BB591 /* Build configuration list for PBXNativeTarget "DollarServicesTests" */ = {
			isa = XCConfigurationList;
			buildConfigurations = (
				DCE4C4D2296DD7C2004BB591 /* Debug */,
				DCE4C4D3296DD7C2004BB591 /* Release */,
			);
			defaultConfigurationIsVisible = 0;
			defaultConfigurationName = Release;
		};
		DCE4C4DE296DD808004BB591 /* Build configuration list for PBXNativeTarget "WeatherServices" */ = {
			isa = XCConfigurationList;
			buildConfigurations = (
				DCE4C4DF296DD808004BB591 /* Debug */,
				DCE4C4E0296DD808004BB591 /* Release */,
			);
			defaultConfigurationIsVisible = 0;
			defaultConfigurationName = Release;
		};
		DCE4C4F1296DD928004BB591 /* Build configuration list for PBXNativeTarget "TranslateServicesTests" */ = {
			isa = XCConfigurationList;
			buildConfigurations = (
				DCE4C4F2296DD928004BB591 /* Debug */,
				DCE4C4F3296DD928004BB591 /* Release */,
			);
			defaultConfigurationIsVisible = 0;
			defaultConfigurationName = Release;
		};
/* End XCConfigurationList section */
	};
	rootObject = DCE4C4A4296DD28E004BB591 /* Project object */;
}
